
Microsoft Visual Studio Solution File, Format Version 12.00
# Visual Studio Version 17
VisualStudioVersion = 17.2.32526.322
MinimumVisualStudioVersion = 10.0.40219.1
Project("{9A19103F-16F7-4668-BE54-9A1E7A4F7556}") = "DesafioJogoRPG1", "DesafioJogoRPG1\DesafioJogoRPG1.csproj", "{56CFDDEC-206C-4DC5-8353-EBEA866FF6BB}"
EndProject
Project("{2150E333-8FDC-42A3-9474-1A3956D46DE8}") = "Solution Items", "Solution Items", "{E2B76040-1E67-47B3-B856-E030E942094D}"
EndProject
Global
	GlobalSection(SolutionConfigurationPlatforms) = preSolution
		Debug|Any CPU = Debug|Any CPU
		Release|Any CPU = Release|Any CPU
	EndGlobalSection
	GlobalSection(ProjectConfigurationPlatforms) = postSolution
		{56CFDDEC-206C-4DC5-8353-EBEA866FF6BB}.Debug|Any CPU.ActiveCfg = Debug|Any CPU
		{56CFDDEC-206C-4DC5-8353-EBEA866FF6BB}.Debug|Any CPU.Build.0 = Debug|Any CPU
		{56CFDDEC-206C-4DC5-8353-EBEA866FF6BB}.Release|Any CPU.ActiveCfg = Release|Any CPU
		{56CFDDEC-206C-4DC5-8353-EBEA866FF6BB}.Release|Any CPU.Build.0 = Release|Any CPU
	EndGlobalSection
	GlobalSection(SolutionProperties) = preSolution
		HideSolutionNode = FALSE
	EndGlobalSection
	GlobalSection(ExtensibilityGlobals) = postSolution
		SolutionGuid = {33DE3FDD-0FBD-4A82-90C9-F46734E132F2}
	EndGlobalSection
EndGlobal
